
Microsoft Visual Studio Solution File, Format Version 12.00
# Visual Studio 15
VisualStudioVersion = 15.0.28307.1500
MinimumVisualStudioVersion = 10.0.40219.1
Project("{FAE04EC0-301F-11D3-BF4B-00C04F79EFBC}") = "Paie Calculator Hours Work", "Paie Calculator Hours Work\Paie Calculator Hours Work.csproj", "{722CE860-E711-48C9-8290-B0732FD3912E}"
EndProject
Global
	GlobalSection(SolutionConfigurationPlatforms) = preSolution
		Debug|Any CPU = Debug|Any CPU
		Release|Any CPU = Release|Any CPU
	EndGlobalSection
	GlobalSection(ProjectConfigurationPlatforms) = postSolution
		{722CE860-E711-48C9-8290-B0732FD3912E}.Debug|Any CPU.ActiveCfg = Debug|Any CPU
		{722CE860-E711-48C9-8290-B0732FD3912E}.Debug|Any CPU.Build.0 = Debug|Any CPU
		{722CE860-E711-48C9-8290-B0732FD3912E}.Release|Any CPU.ActiveCfg = Release|Any CPU
		{722CE860-E711-48C9-8290-B0732FD3912E}.Release|Any CPU.Build.0 = Release|Any CPU
	EndGlobalSection
	GlobalSection(SolutionProperties) = preSolution
		HideSolutionNode = FALSE
	EndGlobalSection
	GlobalSection(ExtensibilityGlobals) = postSolution
		SolutionGuid = {EB8E977A-11CA-4654-B480-7344B8850448}
	EndGlobalSection
EndGlobal
